
Microsoft Visual Studio Solution File, Format Version 10.00
# Visual Studio 2008
Project("{FAE04EC0-301F-11D3-BF4B-00C04F79EFBC}") = "xmlReporter", "xmlReporter\xmlReporter.csproj", "{5330EEDF-78ED-405E-9C6C-0C600379EA2F}"
EndProject
Project("{FAE04EC0-301F-11D3-BF4B-00C04F79EFBC}") = "ConsoleApplicationMongo", "ConsoleApplicationMongo\ConsoleApplicationMongo.csproj", "{FD988DAD-EBC2-4E76-8DAE-8A717B99AAF3}"
EndProject
Project("{FAE04EC0-301F-11D3-BF4B-00C04F79EFBC}") = "xmlStorage", "xmlStorage\xmlStorage.csproj", "{1D40BD18-CBC7-4726-B614-49CCB67D0D40}"
EndProject
Global
	GlobalSection(SolutionConfigurationPlatforms) = preSolution
		Debug|Any CPU = Debug|Any CPU
		Debug|Mixed Platforms = Debug|Mixed Platforms
		Debug|x86 = Debug|x86
		Release|Any CPU = Release|Any CPU
		Release|Mixed Platforms = Release|Mixed Platforms
		Release|x86 = Release|x86
	EndGlobalSection
	GlobalSection(ProjectConfigurationPlatforms) = postSolution
		{5330EEDF-78ED-405E-9C6C-0C600379EA2F}.Debug|Any CPU.ActiveCfg = Debug|Any CPU
		{5330EEDF-78ED-405E-9C6C-0C600379EA2F}.Debug|Any CPU.Build.0 = Debug|Any CPU
		{5330EEDF-78ED-405E-9C6C-0C600379EA2F}.Debug|Mixed Platforms.ActiveCfg = Debug|Any CPU
		{5330EEDF-78ED-405E-9C6C-0C600379EA2F}.Debug|Mixed Platforms.Build.0 = Debug|Any CPU
		{5330EEDF-78ED-405E-9C6C-0C600379EA2F}.Debug|x86.ActiveCfg = Debug|Any CPU
		{5330EEDF-78ED-405E-9C6C-0C600379EA2F}.Release|Any CPU.ActiveCfg = Release|Any CPU
		{5330EEDF-78ED-405E-9C6C-0C600379EA2F}.Release|Any CPU.Build.0 = Release|Any CPU
		{5330EEDF-78ED-405E-9C6C-0C600379EA2F}.Release|Mixed Platforms.ActiveCfg = Release|Any CPU
		{5330EEDF-78ED-405E-9C6C-0C600379EA2F}.Release|Mixed Platforms.Build.0 = Release|Any CPU
		{5330EEDF-78ED-405E-9C6C-0C600379EA2F}.Release|x86.ActiveCfg = Release|Any CPU
		{FD988DAD-EBC2-4E76-8DAE-8A717B99AAF3}.Debug|Any CPU.ActiveCfg = Debug|x86
		{FD988DAD-EBC2-4E76-8DAE-8A717B99AAF3}.Debug|Mixed Platforms.ActiveCfg = Debug|x86
		{FD988DAD-EBC2-4E76-8DAE-8A717B99AAF3}.Debug|Mixed Platforms.Build.0 = Debug|x86
		{FD988DAD-EBC2-4E76-8DAE-8A717B99AAF3}.Debug|x86.ActiveCfg = Debug|x86
		{FD988DAD-EBC2-4E76-8DAE-8A717B99AAF3}.Debug|x86.Build.0 = Debug|x86
		{FD988DAD-EBC2-4E76-8DAE-8A717B99AAF3}.Release|Any CPU.ActiveCfg = Release|x86
		{FD988DAD-EBC2-4E76-8DAE-8A717B99AAF3}.Release|Mixed Platforms.ActiveCfg = Release|x86
		{FD988DAD-EBC2-4E76-8DAE-8A717B99AAF3}.Release|Mixed Platforms.Build.0 = Release|x86
		{FD988DAD-EBC2-4E76-8DAE-8A717B99AAF3}.Release|x86.ActiveCfg = Release|x86
		{FD988DAD-EBC2-4E76-8DAE-8A717B99AAF3}.Release|x86.Build.0 = Release|x86
		{1D40BD18-CBC7-4726-B614-49CCB67D0D40}.Debug|Any CPU.ActiveCfg = Debug|Any CPU
		{1D40BD18-CBC7-4726-B614-49CCB67D0D40}.Debug|Any CPU.Build.0 = Debug|Any CPU
		{1D40BD18-CBC7-4726-B614-49CCB67D0D40}.Debug|Mixed Platforms.ActiveCfg = Debug|Any CPU
		{1D40BD18-CBC7-4726-B614-49CCB67D0D40}.Debug|Mixed Platforms.Build.0 = Debug|Any CPU
		{1D40BD18-CBC7-4726-B614-49CCB67D0D40}.Debug|x86.ActiveCfg = Debug|Any CPU
		{1D40BD18-CBC7-4726-B614-49CCB67D0D40}.Release|Any CPU.ActiveCfg = Release|Any CPU
		{1D40BD18-CBC7-4726-B614-49CCB67D0D40}.Release|Any CPU.Build.0 = Release|Any CPU
		{1D40BD18-CBC7-4726-B614-49CCB67D0D40}.Release|Mixed Platforms.ActiveCfg = Release|Any CPU
		{1D40BD18-CBC7-4726-B614-49CCB67D0D40}.Release|Mixed Platforms.Build.0 = Release|Any CPU
		{1D40BD18-CBC7-4726-B614-49CCB67D0D40}.Release|x86.ActiveCfg = Release|Any CPU
	EndGlobalSection
	GlobalSection(SolutionProperties) = preSolution
		HideSolutionNode = FALSE
	EndGlobalSection
EndGlobal
